
Microsoft Visual Studio Solution File, Format Version 12.00
# Visual Studio Version 17
VisualStudioVersion = 17.5.33424.131
MinimumVisualStudioVersion = 10.0.40219.1
Project("{FAE04EC0-301F-11D3-BF4B-00C04F79EFBC}") = "FlowState_BackEnd", "FlowState_BackEnd.csproj", "{D84E554E-421B-487D-A9B6-9AFCFE2ED259}"
EndProject
Global
	GlobalSection(SolutionConfigurationPlatforms) = preSolution
		Debug|Any CPU = Debug|Any CPU
		Release|Any CPU = Release|Any CPU
	EndGlobalSection
	GlobalSection(ProjectConfigurationPlatforms) = postSolution
		{D84E554E-421B-487D-A9B6-9AFCFE2ED259}.Debug|Any CPU.ActiveCfg = Debug|Any CPU
		{D84E554E-421B-487D-A9B6-9AFCFE2ED259}.Debug|Any CPU.Build.0 = Debug|Any CPU
		{D84E554E-421B-487D-A9B6-9AFCFE2ED259}.Release|Any CPU.ActiveCfg = Release|Any CPU
		{D84E554E-421B-487D-A9B6-9AFCFE2ED259}.Release|Any CPU.Build.0 = Release|Any CPU
	EndGlobalSection
	GlobalSection(SolutionProperties) = preSolution
		HideSolutionNode = FALSE
	EndGlobalSection
	GlobalSection(ExtensibilityGlobals) = postSolution
		SolutionGuid = {5F57DE07-97AF-4DB8-AFAF-4CB13E66D6E1}
	EndGlobalSection
EndGlobal
